// !$*UTF8*$!
{
	archiveVersion = 1;
	classes = {
	};
	objectVersion = 50;
	objects = {

/* Begin PBXBuildFile section */
		DAFBBF2925D8146C00EDDDEA /* AppDelegate.swift in Sources */ = {isa = PBXBuildFile; fileRef = DAFBBF2825D8146C00EDDDEA /* AppDelegate.swift */; };
		DAFBBF2B25D8146C00EDDDEA /* SceneDelegate.swift in Sources */ = {isa = PBXBuildFile; fileRef = DAFBBF2A25D8146C00EDDDEA /* SceneDelegate.swift */; };
		DAFBBF2D25D8146C00EDDDEA /* ViewController.swift in Sources */ = {isa = PBXBuildFile; fileRef = DAFBBF2C25D8146C00EDDDEA /* ViewController.swift */; };
		DAFBBF3025D8146C00EDDDEA /* Main.storyboard in Resources */ = {isa = PBXBuildFile; fileRef = DAFBBF2E25D8146C00EDDDEA /* Main.storyboard */; };
		DAFBBF3225D8147200EDDDEA /* Assets.xcassets in Resources */ = {isa = PBXBuildFile; fileRef = DAFBBF3125D8147200EDDDEA /* Assets.xcassets */; };
		DAFBBF3525D8147200EDDDEA /* LaunchScreen.storyboard in Resources */ = {isa = PBXBuildFile; fileRef = DAFBBF3325D8147200EDDDEA /* LaunchScreen.storyboard */; };
		DAFBBF4325D820AC00EDDDEA /* SecondViewController.swift in Sources */ = {isa = PBXBuildFile; fileRef = DAFBBF4225D820AC00EDDDEA /* SecondViewController.swift */; };
/* End PBXBuildFile section */

/* Begin PBXFileReference section */
		DAFBBF2525D8146B00EDDDEA /* Scene-Trans01.app */ = {isa = PBXFileReference; explicitFileType = wrapper.application; includeInIndex = 0; path = "Scene-Trans01.app"; sourceTree = BUILT_PRODUCTS_DIR; };
		DAFBBF2825D8146C00EDDDEA /* AppDelegate.swift */ = {isa = PBXFileReference; lastKnownFileType = sourcecode.swift; path = AppDelegate.swift; sourceTree = "<group>"; };
		DAFBBF2A25D8146C00EDDDEA /* SceneDelegate.swift */ = {isa = PBXFileReference; lastKnownFileType = sourcecode.swift; path = SceneDelegate.swift; sourceTree = "<group>"; };
		DAFBBF2C25D8146C00EDDDEA /* ViewController.swift */ = {isa = PBXFileReference; lastKnownFileType = sourcecode.swift; path = ViewController.swift; sourceTree = "<group>"; };
		DAFBBF2F25D8146C00EDDDEA /* Base */ = {isa = PBXFileReference; lastKnownFileType = file.storyboard; name = Base; path = Base.lproj/Main.storyboard; sourceTree = "<group>"; };
		DAFBBF3125D8147200EDDDEA /* Assets.xcassets */ = {isa = PBXFileReference; lastKnownFileType = folder.assetcatalog; path = Assets.xcassets; sourceTree = "<group>"; };
		DAFBBF3425D8147200EDDDEA /* Base */ = {isa = PBXFileReference; lastKnownFileType = file.storyboard; name = Base; path = Base.lproj/LaunchScreen.storyboard; sourceTree = "<group>"; };
		DAFBBF3625D8147200EDDDEA /* Info.plist */ = {isa = PBXFileReference; lastKnownFileType = text.plist.xml; path = Info.plist; sourceTree = "<group>"; };
		DAFBBF4225D820AC00EDDDEA /* SecondViewController.swift */ = {isa = PBXFileReference; lastKnownFileType = sourcecode.swift; path = SecondViewController.swift; sourceTree = "<group>"; };
/* End PBXFileReference section */

/* Begin PBXFrameworksBuildPhase section */
		DAFBBF2225D8146B00EDDDEA /* Frameworks */ = {
			isa = PBXFrameworksBuildPhase;
			buildActionMask = 2147483647;
			files = (
			);
			runOnlyForDeploymentPostprocessing = 0;
		};
/* End PBXFrameworksBuildPhase section */

/* Begin PBXGroup section */
		DAFBBF1C25D8146B00EDDDEA = {
			isa = PBXGroup;
			children = (
				DAFBBF2725D8146C00EDDDEA /* Scene-Trans01 */,
				DAFBBF2625D8146C00EDDDEA /* Products */,
			);
			sourceTree = "<group>";
		};
		DAFBBF2625D8146C00EDDDEA /* Products */ = {
			isa = PBXGroup;
			children = (
				DAFBBF2525D8146B00EDDDEA /* Scene-Trans01.app */,
			);
			name = Products;
			sourceTree = "<group>";
		};
		DAFBBF2725D8146C00EDDDEA /* Scene-Trans01 */ = {
			isa = PBXGroup;
			children = (
				DAFBBF2825D8146C00EDDDEA /* AppDelegate.swift */,
				DAFBBF2A25D8146C00EDDDEA /* SceneDelegate.swift */,
				DAFBBF2C25D8146C00EDDDEA /* ViewController.swift */,
				DAFBBF2E25D8146C00EDDDEA /* Main.storyboard */,
				DAFBBF4225D820AC00EDDDEA /* SecondViewController.swift */,
				DAFBBF3125D8147200EDDDEA /* Assets.xcassets */,
				DAFBBF3325D8147200EDDDEA /* LaunchScreen.storyboard */,
				DAFBBF3625D8147200EDDDEA /* Info.plist */,
			);
			path = "Scene-Trans01";
			sourceTree = "<group>";
		};
/* End PBXGroup section */

/* Begin PBXNativeTarget section */
		DAFBBF2425D8146B00EDDDEA /* Scene-Trans01 */ = {
			isa = PBXNativeTarget;
			buildConfigurationList = DAFBBF3925D8147200EDDDEA /* Build configuration list for PBXNativeTarget "Scene-Trans01" */;
			buildPhases = (
				DAFBBF2125D8146B00EDDDEA /* Sources */,
				DAFBBF2225D8146B00EDDDEA /* Frameworks */,
				DAFBBF2325D8146B00EDDDEA /* Resources */,
			);
			buildRules = (
			);
			dependencies = (
			);
			name = "Scene-Trans01";
			productName = "Scene-Trans01";
			productReference = DAFBBF2525D8146B00EDDDEA /* Scene-Trans01.app */;
			productType = "com.apple.product-type.application";
		};
/* End PBXNativeTarget section */

/* Begin PBXProject section */
		DAFBBF1D25D8146B00EDDDEA /* Project object */ = {
			isa = PBXProject;
			attributes = {
				LastSwiftUpdateCheck = 1240;
				LastUpgradeCheck = 1240;
				TargetAttributes = {
					DAFBBF2425D8146B00EDDDEA = {
						CreatedOnToolsVersion = 12.4;
					};
				};
			};
			buildConfigurationList = DAFBBF2025D8146B00EDDDEA /* Build configuration list for PBXProject "Scene-Trans01" */;
			compatibilityVersion = "Xcode 9.3";
			developmentRegion = en;
			hasScannedForEncodings = 0;
			knownRegions = (
				en,
				Base,
			);
			mainGroup = DAFBBF1C25D8146B00EDDDEA;
			productRefGroup = DAFBBF2625D8146C00EDDDEA /* Products */;
			projectDirPath = "";
			projectRoot = "";
			targets = (
				DAFBBF2425D8146B00EDDDEA /* Scene-Trans01 */,
			);
		};
/* End PBXProject section */

/* Begin PBXResourcesBuildPhase section */
		DAFBBF2325D8146B00EDDDEA /* Resources */ = {
			isa = PBXResourcesBuildPhase;
			buildActionMask = 2147483647;
			files = (
				DAFBBF3525D8147200EDDDEA /* LaunchScreen.storyboard in Resources */,
				DAFBBF3225D8147200EDDDEA /* Assets.xcassets in Resources */,
				DAFBBF3025D8146C00EDDDEA /* Main.storyboard in Resources */,
			);
			runOnlyForDeploymentPostprocessing = 0;
		};
/* End PBXResourcesBuildPhase section */

/* Begin PBXSourcesBuildPhase section */
		DAFBBF2125D8146B00EDDDEA /* Sources */ = {
			isa = PBXSourcesBuildPhase;
			buildActionMask = 2147483647;
			files = (
				DAFBBF4325D820AC00EDDDEA /* SecondViewController.swift in Sources */,
				DAFBBF2D25D8146C00EDDDEA /* ViewController.swift in Sources */,
				DAFBBF2925D8146C00EDDDEA /* AppDelegate.swift in Sources */,
				DAFBBF2B25D8146C00EDDDEA /* SceneDelegate.swift in Sources */,
			);
			runOnlyForDeploymentPostprocessing = 0;
		};
/* End PBXSourcesBuildPhase section */

/* Begin PBXVariantGroup section */
		DAFBBF2E25D8146C00EDDDEA /* Main.storyboard */ = {
			isa = PBXVariantGroup;
			children = (
				DAFBBF2F25D8146C00EDDDEA /* Base */,
			);
			name = Main.storyboard;
			sourceTree = "<group>";
		};
		DAFBBF3325D8147200EDDDEA /* LaunchScreen.storyboard */ = {
			isa = PBXVariantGroup;
			children = (
				DAFBBF3425D8147200EDDDEA /* Base */,
			);
			name = LaunchScreen.storyboard;
			sourceTree = "<group>";
		};
/* End PBXVariantGroup section */

/* Begin XCBuildConfiguration section */
		DAFBBF3725D8147200EDDDEA /* Debug */ = {
			isa = XCBuildConfiguration;
			buildSettings = {
				ALWAYS_SEARCH_USER_PATHS = NO;
				CLANG_ANALYZER_NONNULL = YES;
				CLANG_ANALYZER_NUMBER_OBJECT_CONVERSION = YES_AGGRESSIVE;
				CLANG_CXX_LANGUAGE_STANDARD = "gnu++14";
				CLANG_CXX_LIBRARY = "libc++";
				CLANG_ENABLE_MODULES = YES;
				CLANG_ENABLE_OBJC_ARC = YES;
				CLANG_ENABLE_OBJC_WEAK = YES;
				CLANG_WARN_BLOCK_CAPTURE_AUTORELEASING = YES;
				CLANG_WARN_BOOL_CONVERSION = YES;
				CLANG_WARN_COMMA = YES;
				CLANG_WARN_CONSTANT_CONVERSION = YES;
				CLANG_WARN_DEPRECATED_OBJC_IMPLEMENTATIONS = YES;
				CLANG_WARN_DIRECT_OBJC_ISA_USAGE = YES_ERROR;
				CLANG_WARN_DOCUMENTATION_COMMENTS = YES;
				CLANG_WARN_EMPTY_BODY = YES;
				CLANG_WARN_ENUM_CONVERSION = YES;
				CLANG_WARN_INFINITE_RECURSION = YES;
				CLANG_WARN_INT_CONVERSION = YES;
				CLANG_WARN_NON_LITERAL_NULL_CONVERSION = YES;
				CLANG_WARN_OBJC_IMPLICIT_RETAIN_SELF = YES;
				CLANG_WARN_OBJC_LITERAL_CONVERSION = YES;
				CLANG_WARN_OBJC_ROOT_CLASS = YES_ERROR;
				CLANG_WARN_QUOTED_INCLUDE_IN_FRAMEWORK_HEADER = YES;
				CLANG_WARN_RANGE_LOOP_ANALYSIS = YES;
				CLANG_WARN_STRICT_PROTOTYPES = YES;
				CLANG_WARN_SUSPICIOUS_MOVE = YES;
				CLANG_WARN_UNGUARDED_AVAILABILITY = YES_AGGRESSIVE;
				CLANG_WARN_UNREACHABLE_CODE = YES;
				CLANG_WARN__DUPLICATE_METHOD_MATCH = YES;
				COPY_PHASE_STRIP = NO;
				DEBUG_INFORMATION_FORMAT = dwarf;
				ENABLE_STRICT_OBJC_MSGSEND = YES;
				ENABLE_TESTABILITY = YES;
				GCC_C_LANGUAGE_STANDARD = gnu11;
				GCC_DYNAMIC_NO_PIC = NO;
				GCC_NO_COMMON_BLOCKS = YES;
				GCC_OPTIMIZATION_LEVEL = 0;
				GCC_PREPROCESSOR_DEFINITIONS = (
					"DEBUG=1",
					"$(inherited)",
				);
				GCC_WARN_64_TO_32_BIT_CONVERSION = YES;
				GCC_WARN_ABOUT_RETURN_TYPE = YES_ERROR;
				GCC_WARN_UNDECLARED_SELECTOR = YES;
				GCC_WARN_UNINITIALIZED_AUTOS = YES_AGGRESSIVE;
				GCC_WARN_UNUSED_FUNCTION = YES;
				GCC_WARN_UNUSED_VARIABLE = YES;
				IPHONEOS_DEPLOYMENT_TARGET = 14.4;
				MTL_ENABLE_DEBUG_INFO = INCLUDE_SOURCE;
				MTL_FAST_MATH = YES;
				ONLY_ACTIVE_ARCH = YES;
				SDKROOT = iphoneos;
				SWIFT_ACTIVE_COMPILATION_CONDITIONS = DEBUG;
				SWIFT_OPTIMIZATION_LEVEL = "-Onone";
			};
			name = Debug;
		};
		DAFBBF3825D8147200EDDDEA /* Release */ = {
			isa = XCBuildConfiguration;
			buildSettings = {
				ALWAYS_SEARCH_USER_PATHS = NO;
				CLANG_ANALYZER_NONNULL = YES;
				CLANG_ANALYZER_NUMBER_OBJECT_CONVERSION = YES_AGGRESSIVE;
				CLANG_CXX_LANGUAGE_STANDARD = "gnu++14";
				CLANG_CXX_LIBRARY = "libc++";
				CLANG_ENABLE_MODULES = YES;
				CLANG_ENABLE_OBJC_ARC = YES;
				CLANG_ENABLE_OBJC_WEAK = YES;
				CLANG_WARN_BLOCK_CAPTURE_AUTORELEASING = YES;
				CLANG_WARN_BOOL_CONVERSION = YES;
				CLANG_WARN_COMMA = YES;
				CLANG_WARN_CONSTANT_CONVERSION = YES;
				CLANG_WARN_DEPRECATED_OBJC_IMPLEMENTATIONS = YES;
				CLANG_WARN_DIRECT_OBJC_ISA_USAGE = YES_ERROR;
				CLANG_WARN_DOCUMENTATION_COMMENTS = YES;
				CLANG_WARN_EMPTY_BODY = YES;
				CLANG_WARN_ENUM_CONVERSION = YES;
				CLANG_WARN_INFINITE_RECURSION = YES;
				CLANG_WARN_INT_CONVERSION = YES;
				CLANG_WARN_NON_LITERAL_NULL_CONVERSION = YES;
				CLANG_WARN_OBJC_IMPLICIT_RETAIN_SELF = YES;
				CLANG_WARN_OBJC_LITERAL_CONVERSION = YES;
				CLANG_WARN_OBJC_ROOT_CLASS = YES_ERROR;
				CLANG_WARN_QUOTED_INCLUDE_IN_FRAMEWORK_HEADER = YES;
				CLANG_WARN_RANGE_LOOP_ANALYSIS = YES;
				CLANG_WARN_STRICT_PROTOTYPES = YES;
				CLANG_WARN_SUSPICIOUS_MOVE = YES;
				CLANG_WARN_UNGUARDED_AVAILABILITY = YES_AGGRESSIVE;
				CLANG_WARN_UNREACHABLE_CODE = YES;
				CLANG_WARN__DUPLICATE_METHOD_MATCH = YES;
				COPY_PHASE_STRIP = NO;
				DEBUG_INFORMATION_FORMAT = "dwarf-with-dsym";
				ENABLE_NS_ASSERTIONS = NO;
				ENABLE_STRICT_OBJC_MSGSEND = YES;
				GCC_C_LANGUAGE_STANDARD = gnu11;
				GCC_NO_COMMON_BLOCKS = YES;
				GCC_WARN_64_TO_32_BIT_CONVERSION = YES;
				GCC_WARN_ABOUT_RETURN_TYPE = YES_ERROR;
				GCC_WARN_UNDECLARED_SELECTOR = YES;
				GCC_WARN_UNINITIALIZED_AUTOS = YES_AGGRESSIVE;
				GCC_WARN_UNUSED_FUNCTION = YES;
				GCC_WARN_UNUSED_VARIABLE = YES;
				IPHONEOS_DEPLOYMENT_TARGET = 14.4;
				MTL_ENABLE_DEBUG_INFO = NO;
				MTL_FAST_MATH = YES;
				SDKROOT = iphoneos;
				SWIFT_COMPILATION_MODE = wholemodule;
				SWIFT_OPTIMIZATION_LEVEL = "-O";
				VALIDATE_PRODUCT = YES;
			};
			name = Release;
		};
		DAFBBF3A25D8147200EDDDEA /* Debug */ = {
			isa = XCBuildConfiguration;
			buildSettings = {
				ASSETCATALOG_COMPILER_APPICON_NAME = AppIcon;
				ASSETCATALOG_COMPILER_GLOBAL_ACCENT_COLOR_NAME = AccentColor;
				CODE_SIGN_STYLE = Automatic;
				DEVELOPMENT_TEAM = M3U22RZ325;
				INFOPLIST_FILE = "Scene-Trans01/Info.plist";
				LD_RUNPATH_SEARCH_PATHS = (
					"$(inherited)",
					"@executable_path/Frameworks",
				);
				PRODUCT_BUNDLE_IDENTIFIER = "com.sqlpro.Scene-Trans01";
				PRODUCT_NAME = "$(TARGET_NAME)";
				SWIFT_VERSION = 5.0;
				TARGETED_DEVICE_FAMILY = "1,2";
			};
			name = Debug;
		};
		DAFBBF3B25D8147200EDDDEA /* Release */ = {
			isa = XCBuildConfiguration;
			buildSettings = {
				ASSETCATALOG_COMPILER_APPICON_NAME = AppIcon;
				ASSETCATALOG_COMPILER_GLOBAL_ACCENT_COLOR_NAME = AccentColor;
				CODE_SIGN_STYLE = Automatic;
				DEVELOPMENT_TEAM = M3U22RZ325;
				INFOPLIST_FILE = "Scene-Trans01/Info.plist";
				LD_RUNPATH_SEARCH_PATHS = (
					"$(inherited)",
					"@executable_path/Frameworks",
				);
				PRODUCT_BUNDLE_IDENTIFIER = "com.sqlpro.Scene-Trans01";
				PRODUCT_NAME = "$(TARGET_NAME)";
				SWIFT_VERSION = 5.0;
				TARGETED_DEVICE_FAMILY = "1,2";
			};
			name = Release;
		};
/* End XCBuildConfiguration section */

/* Begin XCConfigurationList section */
		DAFBBF2025D8146B00EDDDEA /* Build configuration list for PBXProject "Scene-Trans01" */ = {
			isa = XCConfigurationList;
			buildConfigurations = (
				DAFBBF3725D8147200EDDDEA /* Debug */,
				DAFBBF3825D8147200EDDDEA /* Release */,
			);
			defaultConfigurationIsVisible = 0;
			defaultConfigurationName = Release;
		};
		DAFBBF3925D8147200EDDDEA /* Build configuration list for PBXNativeTarget "Scene-Trans01" */ = {
			isa = XCConfigurationList;
			buildConfigurations = (
				DAFBBF3A25D8147200EDDDEA /* Debug */,
				DAFBBF3B25D8147200EDDDEA /* Release */,
			);
			defaultConfigurationIsVisible = 0;
			defaultConfigurationName = Release;
		};
/* End XCConfigurationList section */
	};
	rootObject = DAFBBF1D25D8146B00EDDDEA /* Project object */;
}
